
Microsoft Visual Studio Solution File, Format Version 12.00
Project("{FAE04EC0-301F-11D3-BF4B-00C04F79EFBC}") = "ExcelReader", "ExcelReader\ExcelReader.csproj", "{DBA35111-9BF9-4CAF-A5D2-B2A397625B28}"
EndProject
Global
	GlobalSection(SolutionConfigurationPlatforms) = preSolution
		Debug|Any CPU = Debug|Any CPU
		Release|Any CPU = Release|Any CPU
	EndGlobalSection
	GlobalSection(ProjectConfigurationPlatforms) = postSolution
		{DBA35111-9BF9-4CAF-A5D2-B2A397625B28}.Debug|Any CPU.ActiveCfg = Debug|Any CPU
		{DBA35111-9BF9-4CAF-A5D2-B2A397625B28}.Debug|Any CPU.Build.0 = Debug|Any CPU
		{DBA35111-9BF9-4CAF-A5D2-B2A397625B28}.Release|Any CPU.ActiveCfg = Release|Any CPU
		{DBA35111-9BF9-4CAF-A5D2-B2A397625B28}.Release|Any CPU.Build.0 = Release|Any CPU
	EndGlobalSection
EndGlobal
